
Microsoft Visual Studio Solution File, Format Version 12.00
# Visual Studio Version 17
VisualStudioVersion = 17.7.34031.279
MinimumVisualStudioVersion = 10.0.40219.1
Project("{FAE04EC0-301F-11D3-BF4B-00C04F79EFBC}") = "VsFileMaker", "VsFileMaker\VsFileMaker.csproj", "{788C5783-0344-4151-B024-56799DA7E2C6}"
EndProject
Global
	GlobalSection(SolutionConfigurationPlatforms) = preSolution
		Debug|Any CPU = Debug|Any CPU
		Release|Any CPU = Release|Any CPU
	EndGlobalSection
	GlobalSection(ProjectConfigurationPlatforms) = postSolution
		{788C5783-0344-4151-B024-56799DA7E2C6}.Debug|Any CPU.ActiveCfg = Debug|Any CPU
		{788C5783-0344-4151-B024-56799DA7E2C6}.Debug|Any CPU.Build.0 = Debug|Any CPU
		{788C5783-0344-4151-B024-56799DA7E2C6}.Release|Any CPU.ActiveCfg = Release|Any CPU
		{788C5783-0344-4151-B024-56799DA7E2C6}.Release|Any CPU.Build.0 = Release|Any CPU
	EndGlobalSection
	GlobalSection(SolutionProperties) = preSolution
		HideSolutionNode = FALSE
	EndGlobalSection
	GlobalSection(ExtensibilityGlobals) = postSolution
		SolutionGuid = {7474C05C-F6EF-4AAE-B2E1-D5ED697C7833}
	EndGlobalSection
EndGlobal
